
Microsoft Visual Studio Solution File, Format Version 12.00
# Visual Studio Version 17
VisualStudioVersion = 17.8.34322.80
MinimumVisualStudioVersion = 10.0.40219.1
Project("{FAE04EC0-301F-11D3-BF4B-00C04F79EFBC}") = "AplicacionMVC", "AplicacionMVC\AplicacionMVC.csproj", "{347C58BC-43C5-44C1-84DE-3E7909DA72C8}"
EndProject
Global
	GlobalSection(SolutionConfigurationPlatforms) = preSolution
		Debug|Any CPU = Debug|Any CPU
		Release|Any CPU = Release|Any CPU
	EndGlobalSection
	GlobalSection(ProjectConfigurationPlatforms) = postSolution
		{347C58BC-43C5-44C1-84DE-3E7909DA72C8}.Debug|Any CPU.ActiveCfg = Debug|Any CPU
		{347C58BC-43C5-44C1-84DE-3E7909DA72C8}.Debug|Any CPU.Build.0 = Debug|Any CPU
		{347C58BC-43C5-44C1-84DE-3E7909DA72C8}.Release|Any CPU.ActiveCfg = Release|Any CPU
		{347C58BC-43C5-44C1-84DE-3E7909DA72C8}.Release|Any CPU.Build.0 = Release|Any CPU
	EndGlobalSection
	GlobalSection(SolutionProperties) = preSolution
		HideSolutionNode = FALSE
	EndGlobalSection
	GlobalSection(ExtensibilityGlobals) = postSolution
		SolutionGuid = {068A6C56-24EA-4769-B7C7-BF95C680E54A}
	EndGlobalSection
EndGlobal
